
Microsoft Visual Studio Solution File, Format Version 12.00
# Visual Studio Version 17
VisualStudioVersion = 17.0.31903.59
MinimumVisualStudioVersion = 10.0.40219.1
Project("{FAE04EC0-301F-11D3-BF4B-00C04F79EFBC}") = "OthelloApi", "OthelloApi\OthelloApi.csproj", "{8EE69C65-9913-4B40-AB52-406B30F141E3}"
EndProject
Global
	GlobalSection(SolutionConfigurationPlatforms) = preSolution
		Debug|Any CPU = Debug|Any CPU
		Release|Any CPU = Release|Any CPU
	EndGlobalSection
	GlobalSection(SolutionProperties) = preSolution
		HideSolutionNode = FALSE
	EndGlobalSection
	GlobalSection(ProjectConfigurationPlatforms) = postSolution
		{8EE69C65-9913-4B40-AB52-406B30F141E3}.Debug|Any CPU.ActiveCfg = Debug|Any CPU
		{8EE69C65-9913-4B40-AB52-406B30F141E3}.Debug|Any CPU.Build.0 = Debug|Any CPU
		{8EE69C65-9913-4B40-AB52-406B30F141E3}.Release|Any CPU.ActiveCfg = Release|Any CPU
		{8EE69C65-9913-4B40-AB52-406B30F141E3}.Release|Any CPU.Build.0 = Release|Any CPU
	EndGlobalSection
EndGlobal
